
Microsoft Visual Studio Solution File, Format Version 12.00
# Visual Studio Version 18
VisualStudioVersion = 18.0.11205.157
MinimumVisualStudioVersion = 10.0.40219.1
Project("{2150E333-8FDC-42A3-9474-1A3956D46DE8}") = "src", "src", "{02EA681E-C7D8-13C7-8484-4AC65E1B71E8}"
EndProject
Project("{2150E333-8FDC-42A3-9474-1A3956D46DE8}") = "services", "services", "{14D9E46B-A7AC-427A-B665-6CD06EAFB49C}"
EndProject
Project("{2150E333-8FDC-42A3-9474-1A3956D46DE8}") = "catalog", "catalog", "{CA5264AE-1EB5-43C9-8C15-A984B656E184}"
EndProject
Project("{FAE04EC0-301F-11D3-BF4B-00C04F79EFBC}") = "MicroServiceApp.Catalog.Api", "MicroServiceApp.Catalog.Api\MicroServiceApp.Catalog.Api.csproj", "{DA4B80C8-7A3D-43F1-A88F-EE3E065177B8}"
EndProject
Project("{E53339B2-1760-4266-BCC7-CA923CBCF16C}") = "docker-compose", "docker-compose.dcproj", "{81DDED9D-158B-E303-5F62-77A2896D2A5A}"
EndProject
Project("{2150E333-8FDC-42A3-9474-1A3956D46DE8}") = "shared", "shared", "{BCEEB465-68CC-4C59-A895-C5298F9F7F77}"
EndProject
Project("{2150E333-8FDC-42A3-9474-1A3956D46DE8}") = "basket", "basket", "{44BE13BA-FFBC-4AAE-AC20-43C8C419500C}"
EndProject
Project("{FAE04EC0-301F-11D3-BF4B-00C04F79EFBC}") = "MicroServiceApp.Basket.Api", "MicroServiceApp.Basket.Api\MicroServiceApp.Basket.Api.csproj", "{012F437D-A73E-CB0A-F511-F4BAB925E04B}"
EndProject
Project("{FAE04EC0-301F-11D3-BF4B-00C04F79EFBC}") = "MicroServiceApp.Shared", "MicroServiceApp.Shared\MicroServiceApp.Shared.csproj", "{3CF9F8E1-FB19-3DE2-7746-A69183DABEB6}"
EndProject
Project("{2150E333-8FDC-42A3-9474-1A3956D46DE8}") = "discount", "discount", "{ED36AFFC-3380-4DBC-BCC5-61E90C3877AC}"
EndProject
Project("{FAE04EC0-301F-11D3-BF4B-00C04F79EFBC}") = "MicroServiceApp.Discount.Api", "MicroServiceApp.Discount.Api\MicroServiceApp.Discount.Api.csproj", "{4841FDE5-82F6-577C-7B0C-31EC83E989E4}"
EndProject
Project("{2150E333-8FDC-42A3-9474-1A3956D46DE8}") = "file", "file", "{7B336DA3-396F-4F3C-8606-A6A086749503}"
EndProject
Project("{FAE04EC0-301F-11D3-BF4B-00C04F79EFBC}") = "MicroServiceApp.File.Api", "MicroServiceApp.File.Api\MicroServiceApp.File.Api.csproj", "{9AC7BB8A-06C3-4DAF-BF96-A71D737F9320}"
EndProject
Project("{2150E333-8FDC-42A3-9474-1A3956D46DE8}") = "order", "order", "{2336F9DD-A8D2-4C5B-8BC5-5F4B9D93BB9C}"
EndProject
Project("{2150E333-8FDC-42A3-9474-1A3956D46DE8}") = "api", "api", "{1C20759B-977B-4689-B535-C974178959A5}"
EndProject
Project("{2150E333-8FDC-42A3-9474-1A3956D46DE8}") = "core", "core", "{BF8B7714-249A-4146-A15C-733869029B82}"
EndProject
Project("{2150E333-8FDC-42A3-9474-1A3956D46DE8}") = "infrastructure", "infrastructure", "{C09F36FD-7884-41DC-BB86-D96BF3B7814A}"
EndProject
Project("{FAE04EC0-301F-11D3-BF4B-00C04F79EFBC}") = "MicroServiceApp.Order.Api", "MicroServiceApp.Order.Api\MicroServiceApp.Order.Api.csproj", "{83C7F94B-DDAF-4F32-97DA-A659D22223E0}"
EndProject
Project("{FAE04EC0-301F-11D3-BF4B-00C04F79EFBC}") = "MicroServiceApp.Order.Domain", "MicroServiceApp.Order.Domain\MicroServiceApp.Order.Domain.csproj", "{B76D1617-56DA-4E10-878D-46456A373144}"
EndProject
Project("{FAE04EC0-301F-11D3-BF4B-00C04F79EFBC}") = "MicroServiceApp.Order.Application", "MicroServiceApp.Order.Application\MicroServiceApp.Order.Application.csproj", "{B4C7815C-803E-4C03-9F44-2AF0FAEC5B77}"
EndProject
Project("{FAE04EC0-301F-11D3-BF4B-00C04F79EFBC}") = "MicroServiceApp.Order.Persistence", "MicroServiceApp.Order.Persistence\MicroServiceApp.Order.Persistence.csproj", "{0901B1BA-C471-440B-AEAC-8F24F4F1F9AE}"
EndProject
Project("{2150E333-8FDC-42A3-9474-1A3956D46DE8}") = "payment", "payment", "{5BB0A1A5-3B47-439E-96DF-E79F8425A134}"
EndProject
Project("{FAE04EC0-301F-11D3-BF4B-00C04F79EFBC}") = "MicroServiceApp.Payment.Api", "MicroServiceApp.Payment.Api\MicroServiceApp.Payment.Api.csproj", "{55D6E14B-3104-41C4-A1C2-E2016CB98153}"
EndProject
Project("{2150E333-8FDC-42A3-9474-1A3956D46DE8}") = "gateway", "gateway", "{C08593AA-4A36-43AF-837F-8F5F3DEACC7C}"
EndProject
Project("{FAE04EC0-301F-11D3-BF4B-00C04F79EFBC}") = "MicroServiceApp.Gateway", "MicroServiceApp.Gateway\MicroServiceApp.Gateway.csproj", "{66156CB0-0198-4218-A18C-DC3BB988F66D}"
EndProject
Project("{FAE04EC0-301F-11D3-BF4B-00C04F79EFBC}") = "MicroServiceApp.Bus", "MicroServiceApp.Bus\MicroServiceApp.Bus.csproj", "{FF912F19-2288-4AE9-9D2C-AA61BCD1D7B9}"
EndProject
Project("{2150E333-8FDC-42A3-9474-1A3956D46DE8}") = "Solution Items", "Solution Items", "{D152451D-CE63-4F7C-8ACB-6000DB8816B7}"
	ProjectSection(SolutionItems) = preProject
		.editorconfig = .editorconfig
	EndProjectSection
EndProject
Project("{2150E333-8FDC-42A3-9474-1A3956D46DE8}") = "ui", "ui", "{7BE9715D-38B1-4EAB-B23F-14B3F0BA17ED}"
EndProject
Project("{FAE04EC0-301F-11D3-BF4B-00C04F79EFBC}") = "MicroServiceApp.Web", "MicroServiceApp.Web\MicroServiceApp.Web.csproj", "{82904D49-2473-49CF-8DC4-45D08F538EDC}"
EndProject
Global
	GlobalSection(SolutionConfigurationPlatforms) = preSolution
		Debug|Any CPU = Debug|Any CPU
		Release|Any CPU = Release|Any CPU
	EndGlobalSection
	GlobalSection(ProjectConfigurationPlatforms) = postSolution
		{DA4B80C8-7A3D-43F1-A88F-EE3E065177B8}.Debug|Any CPU.ActiveCfg = Debug|Any CPU
		{DA4B80C8-7A3D-43F1-A88F-EE3E065177B8}.Debug|Any CPU.Build.0 = Debug|Any CPU
		{DA4B80C8-7A3D-43F1-A88F-EE3E065177B8}.Release|Any CPU.ActiveCfg = Release|Any CPU
		{DA4B80C8-7A3D-43F1-A88F-EE3E065177B8}.Release|Any CPU.Build.0 = Release|Any CPU
		{81DDED9D-158B-E303-5F62-77A2896D2A5A}.Debug|Any CPU.ActiveCfg = Debug|Any CPU
		{81DDED9D-158B-E303-5F62-77A2896D2A5A}.Debug|Any CPU.Build.0 = Debug|Any CPU
		{81DDED9D-158B-E303-5F62-77A2896D2A5A}.Release|Any CPU.ActiveCfg = Release|Any CPU
		{81DDED9D-158B-E303-5F62-77A2896D2A5A}.Release|Any CPU.Build.0 = Release|Any CPU
		{012F437D-A73E-CB0A-F511-F4BAB925E04B}.Debug|Any CPU.ActiveCfg = Debug|Any CPU
		{012F437D-A73E-CB0A-F511-F4BAB925E04B}.Debug|Any CPU.Build.0 = Debug|Any CPU
		{012F437D-A73E-CB0A-F511-F4BAB925E04B}.Release|Any CPU.ActiveCfg = Release|Any CPU
		{012F437D-A73E-CB0A-F511-F4BAB925E04B}.Release|Any CPU.Build.0 = Release|Any CPU
		{3CF9F8E1-FB19-3DE2-7746-A69183DABEB6}.Debug|Any CPU.ActiveCfg = Debug|Any CPU
		{3CF9F8E1-FB19-3DE2-7746-A69183DABEB6}.Debug|Any CPU.Build.0 = Debug|Any CPU
		{3CF9F8E1-FB19-3DE2-7746-A69183DABEB6}.Release|Any CPU.ActiveCfg = Release|Any CPU
		{3CF9F8E1-FB19-3DE2-7746-A69183DABEB6}.Release|Any CPU.Build.0 = Release|Any CPU
		{4841FDE5-82F6-577C-7B0C-31EC83E989E4}.Debug|Any CPU.ActiveCfg = Debug|Any CPU
		{4841FDE5-82F6-577C-7B0C-31EC83E989E4}.Debug|Any CPU.Build.0 = Debug|Any CPU
		{4841FDE5-82F6-577C-7B0C-31EC83E989E4}.Release|Any CPU.ActiveCfg = Release|Any CPU
		{4841FDE5-82F6-577C-7B0C-31EC83E989E4}.Release|Any CPU.Build.0 = Release|Any CPU
		{9AC7BB8A-06C3-4DAF-BF96-A71D737F9320}.Debug|Any CPU.ActiveCfg = Debug|Any CPU
		{9AC7BB8A-06C3-4DAF-BF96-A71D737F9320}.Debug|Any CPU.Build.0 = Debug|Any CPU
		{9AC7BB8A-06C3-4DAF-BF96-A71D737F9320}.Release|Any CPU.ActiveCfg = Release|Any CPU
		{9AC7BB8A-06C3-4DAF-BF96-A71D737F9320}.Release|Any CPU.Build.0 = Release|Any CPU
		{83C7F94B-DDAF-4F32-97DA-A659D22223E0}.Debug|Any CPU.ActiveCfg = Debug|Any CPU
		{83C7F94B-DDAF-4F32-97DA-A659D22223E0}.Debug|Any CPU.Build.0 = Debug|Any CPU
		{83C7F94B-DDAF-4F32-97DA-A659D22223E0}.Release|Any CPU.ActiveCfg = Release|Any CPU
		{83C7F94B-DDAF-4F32-97DA-A659D22223E0}.Release|Any CPU.Build.0 = Release|Any CPU
		{B76D1617-56DA-4E10-878D-46456A373144}.Debug|Any CPU.ActiveCfg = Debug|Any CPU
		{B76D1617-56DA-4E10-878D-46456A373144}.Debug|Any CPU.Build.0 = Debug|Any CPU
		{B76D1617-56DA-4E10-878D-46456A373144}.Release|Any CPU.ActiveCfg = Release|Any CPU
		{B76D1617-56DA-4E10-878D-46456A373144}.Release|Any CPU.Build.0 = Release|Any CPU
		{B4C7815C-803E-4C03-9F44-2AF0FAEC5B77}.Debug|Any CPU.ActiveCfg = Debug|Any CPU
		{B4C7815C-803E-4C03-9F44-2AF0FAEC5B77}.Debug|Any CPU.Build.0 = Debug|Any CPU
		{B4C7815C-803E-4C03-9F44-2AF0FAEC5B77}.Release|Any CPU.ActiveCfg = Release|Any CPU
		{B4C7815C-803E-4C03-9F44-2AF0FAEC5B77}.Release|Any CPU.Build.0 = Release|Any CPU
		{0901B1BA-C471-440B-AEAC-8F24F4F1F9AE}.Debug|Any CPU.ActiveCfg = Debug|Any CPU
		{0901B1BA-C471-440B-AEAC-8F24F4F1F9AE}.Debug|Any CPU.Build.0 = Debug|Any CPU
		{0901B1BA-C471-440B-AEAC-8F24F4F1F9AE}.Release|Any CPU.ActiveCfg = Release|Any CPU
		{0901B1BA-C471-440B-AEAC-8F24F4F1F9AE}.Release|Any CPU.Build.0 = Release|Any CPU
		{55D6E14B-3104-41C4-A1C2-E2016CB98153}.Debug|Any CPU.ActiveCfg = Debug|Any CPU
		{55D6E14B-3104-41C4-A1C2-E2016CB98153}.Debug|Any CPU.Build.0 = Debug|Any CPU
		{55D6E14B-3104-41C4-A1C2-E2016CB98153}.Release|Any CPU.ActiveCfg = Release|Any CPU
		{55D6E14B-3104-41C4-A1C2-E2016CB98153}.Release|Any CPU.Build.0 = Release|Any CPU
		{66156CB0-0198-4218-A18C-DC3BB988F66D}.Debug|Any CPU.ActiveCfg = Debug|Any CPU
		{66156CB0-0198-4218-A18C-DC3BB988F66D}.Debug|Any CPU.Build.0 = Debug|Any CPU
		{66156CB0-0198-4218-A18C-DC3BB988F66D}.Release|Any CPU.ActiveCfg = Release|Any CPU
		{66156CB0-0198-4218-A18C-DC3BB988F66D}.Release|Any CPU.Build.0 = Release|Any CPU
		{FF912F19-2288-4AE9-9D2C-AA61BCD1D7B9}.Debug|Any CPU.ActiveCfg = Debug|Any CPU
		{FF912F19-2288-4AE9-9D2C-AA61BCD1D7B9}.Debug|Any CPU.Build.0 = Debug|Any CPU
		{FF912F19-2288-4AE9-9D2C-AA61BCD1D7B9}.Release|Any CPU.ActiveCfg = Release|Any CPU
		{FF912F19-2288-4AE9-9D2C-AA61BCD1D7B9}.Release|Any CPU.Build.0 = Release|Any CPU
		{82904D49-2473-49CF-8DC4-45D08F538EDC}.Debug|Any CPU.ActiveCfg = Debug|Any CPU
		{82904D49-2473-49CF-8DC4-45D08F538EDC}.Debug|Any CPU.Build.0 = Debug|Any CPU
		{82904D49-2473-49CF-8DC4-45D08F538EDC}.Release|Any CPU.ActiveCfg = Release|Any CPU
		{82904D49-2473-49CF-8DC4-45D08F538EDC}.Release|Any CPU.Build.0 = Release|Any CPU
	EndGlobalSection
	GlobalSection(SolutionProperties) = preSolution
		HideSolutionNode = FALSE
	EndGlobalSection
	GlobalSection(NestedProjects) = preSolution
		{14D9E46B-A7AC-427A-B665-6CD06EAFB49C} = {02EA681E-C7D8-13C7-8484-4AC65E1B71E8}
		{CA5264AE-1EB5-43C9-8C15-A984B656E184} = {14D9E46B-A7AC-427A-B665-6CD06EAFB49C}
		{DA4B80C8-7A3D-43F1-A88F-EE3E065177B8} = {CA5264AE-1EB5-43C9-8C15-A984B656E184}
		{BCEEB465-68CC-4C59-A895-C5298F9F7F77} = {02EA681E-C7D8-13C7-8484-4AC65E1B71E8}
		{44BE13BA-FFBC-4AAE-AC20-43C8C419500C} = {14D9E46B-A7AC-427A-B665-6CD06EAFB49C}
		{012F437D-A73E-CB0A-F511-F4BAB925E04B} = {44BE13BA-FFBC-4AAE-AC20-43C8C419500C}
		{3CF9F8E1-FB19-3DE2-7746-A69183DABEB6} = {BCEEB465-68CC-4C59-A895-C5298F9F7F77}
		{ED36AFFC-3380-4DBC-BCC5-61E90C3877AC} = {14D9E46B-A7AC-427A-B665-6CD06EAFB49C}
		{4841FDE5-82F6-577C-7B0C-31EC83E989E4} = {ED36AFFC-3380-4DBC-BCC5-61E90C3877AC}
		{7B336DA3-396F-4F3C-8606-A6A086749503} = {14D9E46B-A7AC-427A-B665-6CD06EAFB49C}
		{9AC7BB8A-06C3-4DAF-BF96-A71D737F9320} = {7B336DA3-396F-4F3C-8606-A6A086749503}
		{2336F9DD-A8D2-4C5B-8BC5-5F4B9D93BB9C} = {14D9E46B-A7AC-427A-B665-6CD06EAFB49C}
		{1C20759B-977B-4689-B535-C974178959A5} = {2336F9DD-A8D2-4C5B-8BC5-5F4B9D93BB9C}
		{BF8B7714-249A-4146-A15C-733869029B82} = {2336F9DD-A8D2-4C5B-8BC5-5F4B9D93BB9C}
		{C09F36FD-7884-41DC-BB86-D96BF3B7814A} = {2336F9DD-A8D2-4C5B-8BC5-5F4B9D93BB9C}
		{83C7F94B-DDAF-4F32-97DA-A659D22223E0} = {1C20759B-977B-4689-B535-C974178959A5}
		{B76D1617-56DA-4E10-878D-46456A373144} = {BF8B7714-249A-4146-A15C-733869029B82}
		{B4C7815C-803E-4C03-9F44-2AF0FAEC5B77} = {BF8B7714-249A-4146-A15C-733869029B82}
		{0901B1BA-C471-440B-AEAC-8F24F4F1F9AE} = {C09F36FD-7884-41DC-BB86-D96BF3B7814A}
		{5BB0A1A5-3B47-439E-96DF-E79F8425A134} = {14D9E46B-A7AC-427A-B665-6CD06EAFB49C}
		{55D6E14B-3104-41C4-A1C2-E2016CB98153} = {5BB0A1A5-3B47-439E-96DF-E79F8425A134}
		{C08593AA-4A36-43AF-837F-8F5F3DEACC7C} = {14D9E46B-A7AC-427A-B665-6CD06EAFB49C}
		{66156CB0-0198-4218-A18C-DC3BB988F66D} = {C08593AA-4A36-43AF-837F-8F5F3DEACC7C}
		{FF912F19-2288-4AE9-9D2C-AA61BCD1D7B9} = {BCEEB465-68CC-4C59-A895-C5298F9F7F77}
		{7BE9715D-38B1-4EAB-B23F-14B3F0BA17ED} = {02EA681E-C7D8-13C7-8484-4AC65E1B71E8}
		{82904D49-2473-49CF-8DC4-45D08F538EDC} = {7BE9715D-38B1-4EAB-B23F-14B3F0BA17ED}
	EndGlobalSection
	GlobalSection(ExtensibilityGlobals) = postSolution
		SolutionGuid = {49D60D87-48B6-4356-8726-3BB946FBD1E0}
	EndGlobalSection
EndGlobal
